
Microsoft Visual Studio Solution File, Format Version 12.00
# Visual Studio Version 17
VisualStudioVersion = 17.11.35327.3
MinimumVisualStudioVersion = 10.0.40219.1
Project("{FAE04EC0-301F-11D3-BF4B-00C04F79EFBC}") = "ReiRexhajEpSolution.Domain", "ReiRexhajEpSolution.Domain\ReiRexhajEpSolution.Domain.csproj", "{6515F1D9-B77B-4C2F-8602-BA0FE9CCDFC0}"
EndProject
Project("{FAE04EC0-301F-11D3-BF4B-00C04F79EFBC}") = "ReiRexhajEpSolution.DataAccess", "ReiRexhajEpSolution.DataAccess\ReiRexhajEpSolution.DataAccess.csproj", "{2EB7703F-E224-4C8D-B36A-27027392B805}"
EndProject
Project("{FAE04EC0-301F-11D3-BF4B-00C04F79EFBC}") = "ReiRexhajEpSolution.Presentation", "ReiRexhajEpSolution.Presentation\ReiRexhajEpSolution.Presentation.csproj", "{39B392A2-A799-4DE6-86EB-20D4DA7D7CEA}"
EndProject
Global
	GlobalSection(SolutionConfigurationPlatforms) = preSolution
		Debug|Any CPU = Debug|Any CPU
		Release|Any CPU = Release|Any CPU
	EndGlobalSection
	GlobalSection(ProjectConfigurationPlatforms) = postSolution
		{6515F1D9-B77B-4C2F-8602-BA0FE9CCDFC0}.Debug|Any CPU.ActiveCfg = Debug|Any CPU
		{6515F1D9-B77B-4C2F-8602-BA0FE9CCDFC0}.Debug|Any CPU.Build.0 = Debug|Any CPU
		{6515F1D9-B77B-4C2F-8602-BA0FE9CCDFC0}.Release|Any CPU.ActiveCfg = Release|Any CPU
		{6515F1D9-B77B-4C2F-8602-BA0FE9CCDFC0}.Release|Any CPU.Build.0 = Release|Any CPU
		{2EB7703F-E224-4C8D-B36A-27027392B805}.Debug|Any CPU.ActiveCfg = Debug|Any CPU
		{2EB7703F-E224-4C8D-B36A-27027392B805}.Debug|Any CPU.Build.0 = Debug|Any CPU
		{2EB7703F-E224-4C8D-B36A-27027392B805}.Release|Any CPU.ActiveCfg = Release|Any CPU
		{2EB7703F-E224-4C8D-B36A-27027392B805}.Release|Any CPU.Build.0 = Release|Any CPU
		{39B392A2-A799-4DE6-86EB-20D4DA7D7CEA}.Debug|Any CPU.ActiveCfg = Debug|Any CPU
		{39B392A2-A799-4DE6-86EB-20D4DA7D7CEA}.Debug|Any CPU.Build.0 = Debug|Any CPU
		{39B392A2-A799-4DE6-86EB-20D4DA7D7CEA}.Release|Any CPU.ActiveCfg = Release|Any CPU
		{39B392A2-A799-4DE6-86EB-20D4DA7D7CEA}.Release|Any CPU.Build.0 = Release|Any CPU
	EndGlobalSection
	GlobalSection(SolutionProperties) = preSolution
		HideSolutionNode = FALSE
	EndGlobalSection
	GlobalSection(ExtensibilityGlobals) = postSolution
		SolutionGuid = {CB79B96A-A0AD-425A-900D-D3BA6CC6FE73}
	EndGlobalSection
EndGlobal
